
Microsoft Visual Studio Solution File, Format Version 12.00
# Visual Studio Version 17
VisualStudioVersion = 17.11.35312.102
MinimumVisualStudioVersion = 10.0.40219.1
Project("{FAE04EC0-301F-11D3-BF4B-00C04F79EFBC}") = "LojaOnline", "LojaOnline\LojaOnline.csproj", "{857883F8-565C-4B6B-9CB6-E6DB0EB14ECA}"
EndProject
Global
	GlobalSection(SolutionConfigurationPlatforms) = preSolution
		Debug|Any CPU = Debug|Any CPU
		Release|Any CPU = Release|Any CPU
	EndGlobalSection
	GlobalSection(ProjectConfigurationPlatforms) = postSolution
		{857883F8-565C-4B6B-9CB6-E6DB0EB14ECA}.Debug|Any CPU.ActiveCfg = Debug|Any CPU
		{857883F8-565C-4B6B-9CB6-E6DB0EB14ECA}.Debug|Any CPU.Build.0 = Debug|Any CPU
		{857883F8-565C-4B6B-9CB6-E6DB0EB14ECA}.Release|Any CPU.ActiveCfg = Release|Any CPU
		{857883F8-565C-4B6B-9CB6-E6DB0EB14ECA}.Release|Any CPU.Build.0 = Release|Any CPU
	EndGlobalSection
	GlobalSection(SolutionProperties) = preSolution
		HideSolutionNode = FALSE
	EndGlobalSection
	GlobalSection(ExtensibilityGlobals) = postSolution
		SolutionGuid = {C8891158-582C-442A-B5F0-48979D6A7DCC}
	EndGlobalSection
EndGlobal
