
Microsoft Visual Studio Solution File, Format Version 12.00
# Visual Studio Version 17
VisualStudioVersion = 17.11.35312.102
MinimumVisualStudioVersion = 10.0.40219.1
Project("{FAE04EC0-301F-11D3-BF4B-00C04F79EFBC}") = "MonitoramentoApp", "MonitoramentoApp\MonitoramentoApp.csproj", "{FD01150C-BE3A-4C9C-BA6A-43B73221E802}"
EndProject
Global
	GlobalSection(SolutionConfigurationPlatforms) = preSolution
		Debug|Any CPU = Debug|Any CPU
		Release|Any CPU = Release|Any CPU
	EndGlobalSection
	GlobalSection(ProjectConfigurationPlatforms) = postSolution
		{FD01150C-BE3A-4C9C-BA6A-43B73221E802}.Debug|Any CPU.ActiveCfg = Debug|Any CPU
		{FD01150C-BE3A-4C9C-BA6A-43B73221E802}.Debug|Any CPU.Build.0 = Debug|Any CPU
		{FD01150C-BE3A-4C9C-BA6A-43B73221E802}.Release|Any CPU.ActiveCfg = Release|Any CPU
		{FD01150C-BE3A-4C9C-BA6A-43B73221E802}.Release|Any CPU.Build.0 = Release|Any CPU
	EndGlobalSection
	GlobalSection(SolutionProperties) = preSolution
		HideSolutionNode = FALSE
	EndGlobalSection
	GlobalSection(ExtensibilityGlobals) = postSolution
		SolutionGuid = {EC72FC54-F63E-4DE7-8003-BD7469FF9070}
	EndGlobalSection
EndGlobal
