
Microsoft Visual Studio Solution File, Format Version 12.00
# Visual Studio Version 17
VisualStudioVersion = 17.11.35312.102
MinimumVisualStudioVersion = 10.0.40219.1
Project("{FAE04EC0-301F-11D3-BF4B-00C04F79EFBC}") = "consultaAvancada", "consultaAvancada\consultaAvancada.csproj", "{0534CDCD-5FB8-437D-B865-78B2BD2427EA}"
EndProject
Global
	GlobalSection(SolutionConfigurationPlatforms) = preSolution
		Debug|Any CPU = Debug|Any CPU
		Release|Any CPU = Release|Any CPU
	EndGlobalSection
	GlobalSection(ProjectConfigurationPlatforms) = postSolution
		{0534CDCD-5FB8-437D-B865-78B2BD2427EA}.Debug|Any CPU.ActiveCfg = Debug|Any CPU
		{0534CDCD-5FB8-437D-B865-78B2BD2427EA}.Debug|Any CPU.Build.0 = Debug|Any CPU
		{0534CDCD-5FB8-437D-B865-78B2BD2427EA}.Release|Any CPU.ActiveCfg = Release|Any CPU
		{0534CDCD-5FB8-437D-B865-78B2BD2427EA}.Release|Any CPU.Build.0 = Release|Any CPU
	EndGlobalSection
	GlobalSection(SolutionProperties) = preSolution
		HideSolutionNode = FALSE
	EndGlobalSection
	GlobalSection(ExtensibilityGlobals) = postSolution
		SolutionGuid = {3B103D05-A95B-46D3-9933-0FDD5FEFC92E}
	EndGlobalSection
EndGlobal
